# OpenHands Software Agent SDK — Revision Lock (M5R)

schema_version: 1
project_version_source: VERSION
research_phase: M6
lock_date: 2026-08-12
adoption_date: 2026-08-13
status: ADOPTED

# 说明：本文件是 OpenHands Software Agent SDK revision 锁定与采用证据。
# M6 实施时按 UPSTREAM_COMPONENTS.yaml 登记 resolution/license/upgrade_gate
# （openhands_sdk = ADOPTED）；此处 status 由 M5R 的 RESEARCH_LOCKED_NOT_ADOPTED
# 更新为 ADOPTED，反映 M6 采用事实。

repository:
  name: OpenHands/software-agent-sdk
  url: https://github.com/OpenHands/software-agent-sdk
  kind: GITHUB
  official: true

revision:
  tag: v1.42.0
  commit: "391fbb8d3c9cbc71212bb302669a0fd03e3dabfc"
  release_date: 2026-08-11
  source_of_truth: https://api.github.com/repos/OpenHands/software-agent-sdk/releases/latest

license:
  spdx: MIT
  evidence: "d:\\upstream\\openhands-software-agent-sdk\\LICENSE"
  notice: "Copyright (c) 2026 OpenHands contributors"
  no_notice_file: true

pypi:
  package: openhands-sdk
  version: 1.42.0
  requires_python: ">=3.12"
  url: https://pypi.org/project/openhands-sdk/1.42.0/
  sdist_digest:
    algorithm: sha256
    value: "4706ae2cdd6c0804836336d9034ca6448c69a954c6456c43c8291dffb966f56e"  # 独立复核 2026-08-12：下载 PyPI sdist（openhands_sdk-1.42.0.tar.gz）实测 sha256；原记录值 e8be3e58… 经查不属于任何相邻版本（1.40.0/1.41.0/1.42.0），判定为抄录错误并已修正
  key_dependencies:
    - "litellm>=1.93.0"        # LLM 路由（工作区 uv.lock 实测 litellm==1.96.2，2026-08-13 复审修正注释）
    - "fastmcp>=3.0.0"         # MCP client
    - "agent-client-protocol>=0.10.1"
    - "fakeredis[lua]>=2.32.1"
    - "pydantic>=2.12.5"
    - "httpx[socks]>=0.27.0"
    - "tenacity>=9.1.2"
    - "websockets>=12"

spike_environment:
  location: d:\upstream\.venv-sdk
  python: 3.12.13
  install_mode: uv pip install -e <clone>/openhands-sdk
  isolation: true  # 与 Research OS uv.lock 隔离；不进入主代码树

clone:
  location: d:\upstream\openhands-software-agent-sdk
  method: git clone --depth 1 --branch v1.42.0
  head: "391fbb8d3c9cbc71212bb302669a0fd03e3dabfc"
  modified: false  # upstream 未修改、未 fork
  within_repo_tree: false

research_artifacts:
  source_audit: docs/references/upstream/OPENHANDS_SOURCE_AUDIT.md
  port_matrix: docs/references/upstream/M5_PORT_COMPATIBILITY_MATRIX.md
  readiness: docs/references/upstream/M6_READINESS_REPORT.md
  spikes: tools/upstream-spikes/

upgrade_notes:
  - M6 采用时按 UPSTREAM_POLICY.md Upgrade Gate 执行：release notes → 安装 →
    adapter contract suite → security tests → vertical slice regression → 批准。
  - sdist digest 以安装完成后的 uv/pip 输出为准回填核验。